// !$*UTF8*$!
{
	archiveVersion = 1;
	classes = {
	};
	objectVersion = 51;
	objects = {

/* Begin PBXBuildFile section */
		15F23C758A5471BE3EB3D6C5 /* Pods_iTunesSearchApp.framework in Frameworks */ = {isa = PBXBuildFile; fileRef = DB5B1E5CCDDC9D6CA13244E7 /* Pods_iTunesSearchApp.framework */; };
		C4097E8F22FC614F005C661C /* AppDelegate.swift in Sources */ = {isa = PBXBuildFile; fileRef = C4097E8E22FC614F005C661C /* AppDelegate.swift */; };
		C4097E9122FC614F005C661C /* SearchViewController.swift in Sources */ = {isa = PBXBuildFile; fileRef = C4097E9022FC614F005C661C /* SearchViewController.swift */; };
		C4097E9422FC614F005C661C /* Main.storyboard in Resources */ = {isa = PBXBuildFile; fileRef = C4097E9222FC614F005C661C /* Main.storyboard */; };
		C4097E9622FC6150005C661C /* Assets.xcassets in Resources */ = {isa = PBXBuildFile; fileRef = C4097E9522FC6150005C661C /* Assets.xcassets */; };
		C4097E9922FC6150005C661C /* LaunchScreen.storyboard in Resources */ = {isa = PBXBuildFile; fileRef = C4097E9722FC6150005C661C /* LaunchScreen.storyboard */; };
		C4097EA722FC6319005C661C /* APIClient.swift in Sources */ = {isa = PBXBuildFile; fileRef = C4097EA622FC6319005C661C /* APIClient.swift */; };
		C4097EA922FC6331005C661C /* HeaderUtils.swift in Sources */ = {isa = PBXBuildFile; fileRef = C4097EA822FC6331005C661C /* HeaderUtils.swift */; };
		C4097EAE22FC6388005C661C /* ApiConfig.swift in Sources */ = {isa = PBXBuildFile; fileRef = C4097EAD22FC6388005C661C /* ApiConfig.swift */; };
		C4097EB022FC639A005C661C /* URLString.swift in Sources */ = {isa = PBXBuildFile; fileRef = C4097EAF22FC639A005C661C /* URLString.swift */; };
		C4097EB222FC665A005C661C /* GlobalConstant.swift in Sources */ = {isa = PBXBuildFile; fileRef = C4097EB122FC665A005C661C /* GlobalConstant.swift */; };
		C4097EB422FC67A9005C661C /* SearchModel.swift in Sources */ = {isa = PBXBuildFile; fileRef = C4097EB322FC67A9005C661C /* SearchModel.swift */; };
		C4097EB622FC683F005C661C /* BaseApiRouter.swift in Sources */ = {isa = PBXBuildFile; fileRef = C4097EB522FC683F005C661C /* BaseApiRouter.swift */; };
		C4097EB822FC692E005C661C /* SearchRouter.swift in Sources */ = {isa = PBXBuildFile; fileRef = C4097EB722FC692E005C661C /* SearchRouter.swift */; };
		C4097EBA22FC7910005C661C /* ResponseModel.swift in Sources */ = {isa = PBXBuildFile; fileRef = C4097EB922FC7910005C661C /* ResponseModel.swift */; };
		C4097EBD22FC81AD005C661C /* BaseViewModel.swift in Sources */ = {isa = PBXBuildFile; fileRef = C4097EBC22FC81AD005C661C /* BaseViewModel.swift */; };
		C4097EBF22FC81D8005C661C /* SetupFunctions.swift in Sources */ = {isa = PBXBuildFile; fileRef = C4097EBE22FC81D8005C661C /* SetupFunctions.swift */; };
		C4097EC122FC8248005C661C /* UIView-Extension.swift in Sources */ = {isa = PBXBuildFile; fileRef = C4097EC022FC8248005C661C /* UIView-Extension.swift */; };
		C4097EC322FC827A005C661C /* UIColor-Extension.swift in Sources */ = {isa = PBXBuildFile; fileRef = C4097EC222FC827A005C661C /* UIColor-Extension.swift */; };
		C4097EC522FC834E005C661C /* SearchViewModel.swift in Sources */ = {isa = PBXBuildFile; fileRef = C4097EC422FC834E005C661C /* SearchViewModel.swift */; };
		C4097EC722FCF4CB005C661C /* BaseViewController.swift in Sources */ = {isa = PBXBuildFile; fileRef = C4097EC622FCF4CB005C661C /* BaseViewController.swift */; };
		C4097EC922FCF72C005C661C /* SearchView.swift in Sources */ = {isa = PBXBuildFile; fileRef = C4097EC822FCF72C005C661C /* SearchView.swift */; };
		C4097ECB22FCF74E005C661C /* BaseView.swift in Sources */ = {isa = PBXBuildFile; fileRef = C4097ECA22FCF74E005C661C /* BaseView.swift */; };
		C4097ECD22FCFB52005C661C /* BaseTableViewCell.swift in Sources */ = {isa = PBXBuildFile; fileRef = C4097ECC22FCFB52005C661C /* BaseTableViewCell.swift */; };
		C4097ECF22FCFC1D005C661C /* SearchTableViewCell.swift in Sources */ = {isa = PBXBuildFile; fileRef = C4097ECE22FCFC1D005C661C /* SearchTableViewCell.swift */; };
		C4097ED122FD8AC0005C661C /* EmptyViewPage.swift in Sources */ = {isa = PBXBuildFile; fileRef = C4097ED022FD8AC0005C661C /* EmptyViewPage.swift */; };
		C4097ED322FD8CBF005C661C /* SearchLoadingView.swift in Sources */ = {isa = PBXBuildFile; fileRef = C4097ED222FD8CBF005C661C /* SearchLoadingView.swift */; };
		C4097ED722FDDE2E005C661C /* CustomPopUpView.swift in Sources */ = {isa = PBXBuildFile; fileRef = C4097ED622FDDE2E005C661C /* CustomPopUpView.swift */; };
		C4097ED922FDDFBE005C661C /* FilterView.swift in Sources */ = {isa = PBXBuildFile; fileRef = C4097ED822FDDFBE005C661C /* FilterView.swift */; };
		C4097EDD22FDE316005C661C /* BaseCollectionCell.swift in Sources */ = {isa = PBXBuildFile; fileRef = C4097EDC22FDE316005C661C /* BaseCollectionCell.swift */; };
		C4097EDF22FDE967005C661C /* FilterViewCell.swift in Sources */ = {isa = PBXBuildFile; fileRef = C4097EDE22FDE967005C661C /* FilterViewCell.swift */; };
/* End PBXBuildFile section */

/* Begin PBXFileReference section */
		80F3F21485509E7D7167FCA4 /* Pods-iTunesSearchApp.debug.xcconfig */ = {isa = PBXFileReference; includeInIndex = 1; lastKnownFileType = text.xcconfig; name = "Pods-iTunesSearchApp.debug.xcconfig"; path = "Target Support Files/Pods-iTunesSearchApp/Pods-iTunesSearchApp.debug.xcconfig"; sourceTree = "<group>"; };
		92675AFCDFDEE36CE38B1A27 /* Pods-iTunesSearchApp.release.xcconfig */ = {isa = PBXFileReference; includeInIndex = 1; lastKnownFileType = text.xcconfig; name = "Pods-iTunesSearchApp.release.xcconfig"; path = "Target Support Files/Pods-iTunesSearchApp/Pods-iTunesSearchApp.release.xcconfig"; sourceTree = "<group>"; };
		C4097E8B22FC614F005C661C /* iTunesSearchApp.app */ = {isa = PBXFileReference; explicitFileType = wrapper.application; includeInIndex = 0; path = iTunesSearchApp.app; sourceTree = BUILT_PRODUCTS_DIR; };
		C4097E8E22FC614F005C661C /* AppDelegate.swift */ = {isa = PBXFileReference; lastKnownFileType = sourcecode.swift; path = AppDelegate.swift; sourceTree = "<group>"; };
		C4097E9022FC614F005C661C /* SearchViewController.swift */ = {isa = PBXFileReference; lastKnownFileType = sourcecode.swift; path = SearchViewController.swift; sourceTree = "<group>"; };
		C4097E9322FC614F005C661C /* Base */ = {isa = PBXFileReference; lastKnownFileType = file.storyboard; name = Base; path = Base.lproj/Main.storyboard; sourceTree = "<group>"; };
		C4097E9522FC6150005C661C /* Assets.xcassets */ = {isa = PBXFileReference; lastKnownFileType = folder.assetcatalog; path = Assets.xcassets; sourceTree = "<group>"; };
		C4097E9822FC6150005C661C /* Base */ = {isa = PBXFileReference; lastKnownFileType = file.storyboard; name = Base; path = Base.lproj/LaunchScreen.storyboard; sourceTree = "<group>"; };
		C4097E9A22FC6150005C661C /* Info.plist */ = {isa = PBXFileReference; lastKnownFileType = text.plist.xml; path = Info.plist; sourceTree = "<group>"; };
		C4097EA622FC6319005C661C /* APIClient.swift */ = {isa = PBXFileReference; lastKnownFileType = sourcecode.swift; path = APIClient.swift; sourceTree = "<group>"; };
		C4097EA822FC6331005C661C /* HeaderUtils.swift */ = {isa = PBXFileReference; lastKnownFileType = sourcecode.swift; path = HeaderUtils.swift; sourceTree = "<group>"; };
		C4097EAD22FC6388005C661C /* ApiConfig.swift */ = {isa = PBXFileReference; lastKnownFileType = sourcecode.swift; path = ApiConfig.swift; sourceTree = "<group>"; };
		C4097EAF22FC639A005C661C /* URLString.swift */ = {isa = PBXFileReference; lastKnownFileType = sourcecode.swift; path = URLString.swift; sourceTree = "<group>"; };
		C4097EB122FC665A005C661C /* GlobalConstant.swift */ = {isa = PBXFileReference; lastKnownFileType = sourcecode.swift; path = GlobalConstant.swift; sourceTree = "<group>"; };
		C4097EB322FC67A9005C661C /* SearchModel.swift */ = {isa = PBXFileReference; lastKnownFileType = sourcecode.swift; path = SearchModel.swift; sourceTree = "<group>"; };
		C4097EB522FC683F005C661C /* BaseApiRouter.swift */ = {isa = PBXFileReference; lastKnownFileType = sourcecode.swift; path = BaseApiRouter.swift; sourceTree = "<group>"; };
		C4097EB722FC692E005C661C /* SearchRouter.swift */ = {isa = PBXFileReference; lastKnownFileType = sourcecode.swift; path = SearchRouter.swift; sourceTree = "<group>"; };
		C4097EB922FC7910005C661C /* ResponseModel.swift */ = {isa = PBXFileReference; lastKnownFileType = sourcecode.swift; path = ResponseModel.swift; sourceTree = "<group>"; };
		C4097EBC22FC81AD005C661C /* BaseViewModel.swift */ = {isa = PBXFileReference; lastKnownFileType = sourcecode.swift; path = BaseViewModel.swift; sourceTree = "<group>"; };
		C4097EBE22FC81D8005C661C /* SetupFunctions.swift */ = {isa = PBXFileReference; lastKnownFileType = sourcecode.swift; path = SetupFunctions.swift; sourceTree = "<group>"; };
		C4097EC022FC8248005C661C /* UIView-Extension.swift */ = {isa = PBXFileReference; fileEncoding = 4; lastKnownFileType = sourcecode.swift; path = "UIView-Extension.swift"; sourceTree = "<group>"; };
		C4097EC222FC827A005C661C /* UIColor-Extension.swift */ = {isa = PBXFileReference; fileEncoding = 4; lastKnownFileType = sourcecode.swift; path = "UIColor-Extension.swift"; sourceTree = "<group>"; };
		C4097EC422FC834E005C661C /* SearchViewModel.swift */ = {isa = PBXFileReference; lastKnownFileType = sourcecode.swift; path = SearchViewModel.swift; sourceTree = "<group>"; };
		C4097EC622FCF4CB005C661C /* BaseViewController.swift */ = {isa = PBXFileReference; lastKnownFileType = sourcecode.swift; path = BaseViewController.swift; sourceTree = "<group>"; };
		C4097EC822FCF72C005C661C /* SearchView.swift */ = {isa = PBXFileReference; lastKnownFileType = sourcecode.swift; path = SearchView.swift; sourceTree = "<group>"; };
		C4097ECA22FCF74E005C661C /* BaseView.swift */ = {isa = PBXFileReference; lastKnownFileType = sourcecode.swift; path = BaseView.swift; sourceTree = "<group>"; };
		C4097ECC22FCFB52005C661C /* BaseTableViewCell.swift */ = {isa = PBXFileReference; lastKnownFileType = sourcecode.swift; path = BaseTableViewCell.swift; sourceTree = "<group>"; };
		C4097ECE22FCFC1D005C661C /* SearchTableViewCell.swift */ = {isa = PBXFileReference; lastKnownFileType = sourcecode.swift; path = SearchTableViewCell.swift; sourceTree = "<group>"; };
		C4097ED022FD8AC0005C661C /* EmptyViewPage.swift */ = {isa = PBXFileReference; lastKnownFileType = sourcecode.swift; path = EmptyViewPage.swift; sourceTree = "<group>"; };
		C4097ED222FD8CBF005C661C /* SearchLoadingView.swift */ = {isa = PBXFileReference; lastKnownFileType = sourcecode.swift; path = SearchLoadingView.swift; sourceTree = "<group>"; };
		C4097ED622FDDE2E005C661C /* CustomPopUpView.swift */ = {isa = PBXFileReference; lastKnownFileType = sourcecode.swift; path = CustomPopUpView.swift; sourceTree = "<group>"; };
		C4097ED822FDDFBE005C661C /* FilterView.swift */ = {isa = PBXFileReference; lastKnownFileType = sourcecode.swift; path = FilterView.swift; sourceTree = "<group>"; };
		C4097EDC22FDE316005C661C /* BaseCollectionCell.swift */ = {isa = PBXFileReference; lastKnownFileType = sourcecode.swift; path = BaseCollectionCell.swift; sourceTree = "<group>"; };
		C4097EDE22FDE967005C661C /* FilterViewCell.swift */ = {isa = PBXFileReference; lastKnownFileType = sourcecode.swift; path = FilterViewCell.swift; sourceTree = "<group>"; };
		DB5B1E5CCDDC9D6CA13244E7 /* Pods_iTunesSearchApp.framework */ = {isa = PBXFileReference; explicitFileType = wrapper.framework; includeInIndex = 0; path = Pods_iTunesSearchApp.framework; sourceTree = BUILT_PRODUCTS_DIR; };
/* End PBXFileReference section */

/* Begin PBXFrameworksBuildPhase section */
		C4097E8822FC614F005C661C /* Frameworks */ = {
			isa = PBXFrameworksBuildPhase;
			buildActionMask = 2147483647;
			files = (
				15F23C758A5471BE3EB3D6C5 /* Pods_iTunesSearchApp.framework in Frameworks */,
			);
			runOnlyForDeploymentPostprocessing = 0;
		};
/* End PBXFrameworksBuildPhase section */

/* Begin PBXGroup section */
		69DA4EFBDBCB4B7E7EA99C28 /* Pods */ = {
			isa = PBXGroup;
			children = (
				80F3F21485509E7D7167FCA4 /* Pods-iTunesSearchApp.debug.xcconfig */,
				92675AFCDFDEE36CE38B1A27 /* Pods-iTunesSearchApp.release.xcconfig */,
			);
			path = Pods;
			sourceTree = "<group>";
		};
		7C8059FCFD7E4CC3348904E0 /* Frameworks */ = {
			isa = PBXGroup;
			children = (
				DB5B1E5CCDDC9D6CA13244E7 /* Pods_iTunesSearchApp.framework */,
			);
			name = Frameworks;
			sourceTree = "<group>";
		};
		C4097E8222FC614F005C661C = {
			isa = PBXGroup;
			children = (
				C4097E8D22FC614F005C661C /* iTunesSearchApp */,
				C4097E8C22FC614F005C661C /* Products */,
				69DA4EFBDBCB4B7E7EA99C28 /* Pods */,
				7C8059FCFD7E4CC3348904E0 /* Frameworks */,
			);
			sourceTree = "<group>";
		};
		C4097E8C22FC614F005C661C /* Products */ = {
			isa = PBXGroup;
			children = (
				C4097E8B22FC614F005C661C /* iTunesSearchApp.app */,
			);
			name = Products;
			sourceTree = "<group>";
		};
		C4097E8D22FC614F005C661C /* iTunesSearchApp */ = {
			isa = PBXGroup;
			children = (
				C4097EBB22FC8180005C661C /* ViewModel */,
				C4097EA522FC624E005C661C /* AppConstant */,
				C4097EA222FC6221005C661C /* Model */,
				C4097EA422FC6249005C661C /* Api */,
				C4097EA322FC6226005C661C /* Helper */,
				C4097EA122FC6211005C661C /* Controller */,
				C4097EA022FC620B005C661C /* View */,
				C4097E8E22FC614F005C661C /* AppDelegate.swift */,
				C4097E9222FC614F005C661C /* Main.storyboard */,
				C4097E9522FC6150005C661C /* Assets.xcassets */,
				C4097E9722FC6150005C661C /* LaunchScreen.storyboard */,
				C4097E9A22FC6150005C661C /* Info.plist */,
			);
			path = iTunesSearchApp;
			sourceTree = "<group>";
		};
		C4097EA022FC620B005C661C /* View */ = {
			isa = PBXGroup;
			children = (
				C4097ECA22FCF74E005C661C /* BaseView.swift */,
				C4097ECC22FCFB52005C661C /* BaseTableViewCell.swift */,
				C4097EDC22FDE316005C661C /* BaseCollectionCell.swift */,
				C4097EDB22FDDFEC005C661C /* Custom */,
				C4097EDA22FDDFCE005C661C /* Search */,
			);
			path = View;
			sourceTree = "<group>";
		};
		C4097EA122FC6211005C661C /* Controller */ = {
			isa = PBXGroup;
			children = (
				C4097EC622FCF4CB005C661C /* BaseViewController.swift */,
				C4097E9022FC614F005C661C /* SearchViewController.swift */,
			);
			path = Controller;
			sourceTree = "<group>";
		};
		C4097EA222FC6221005C661C /* Model */ = {
			isa = PBXGroup;
			children = (
				C4097EB322FC67A9005C661C /* SearchModel.swift */,
				C4097EB922FC7910005C661C /* ResponseModel.swift */,
			);
			path = Model;
			sourceTree = "<group>";
		};
		C4097EA322FC6226005C661C /* Helper */ = {
			isa = PBXGroup;
			children = (
				C4097EC222FC827A005C661C /* UIColor-Extension.swift */,
				C4097EC022FC8248005C661C /* UIView-Extension.swift */,
				C4097EBE22FC81D8005C661C /* SetupFunctions.swift */,
			);
			path = Helper;
			sourceTree = "<group>";
		};
		C4097EA422FC6249005C661C /* Api */ = {
			isa = PBXGroup;
			children = (
				C4097EA622FC6319005C661C /* APIClient.swift */,
				C4097EAB22FC6344005C661C /* Base */,
				C4097EAA22FC6335005C661C /* Utils */,
				C4097EAC22FC6359005C661C /* Router */,
			);
			path = Api;
			sourceTree = "<group>";
		};
		C4097EA522FC624E005C661C /* AppConstant */ = {
			isa = PBXGroup;
			children = (
				C4097EB122FC665A005C661C /* GlobalConstant.swift */,
			);
			path = AppConstant;
			sourceTree = "<group>";
		};
		C4097EAA22FC6335005C661C /* Utils */ = {
			isa = PBXGroup;
			children = (
				C4097EA822FC6331005C661C /* HeaderUtils.swift */,
			);
			path = Utils;
			sourceTree = "<group>";
		};
		C4097EAB22FC6344005C661C /* Base */ = {
			isa = PBXGroup;
			children = (
				C4097EAD22FC6388005C661C /* ApiConfig.swift */,
				C4097EAF22FC639A005C661C /* URLString.swift */,
			);
			path = Base;
			sourceTree = "<group>";
		};
		C4097EAC22FC6359005C661C /* Router */ = {
			isa = PBXGroup;
			children = (
				C4097EB522FC683F005C661C /* BaseApiRouter.swift */,
				C4097EB722FC692E005C661C /* SearchRouter.swift */,
			);
			path = Router;
			sourceTree = "<group>";
		};
		C4097EBB22FC8180005C661C /* ViewModel */ = {
			isa = PBXGroup;
			children = (
				C4097EBC22FC81AD005C661C /* BaseViewModel.swift */,
				C4097EC422FC834E005C661C /* SearchViewModel.swift */,
			);
			path = ViewModel;
			sourceTree = "<group>";
		};
		C4097EDA22FDDFCE005C661C /* Search */ = {
			isa = PBXGroup;
			children = (
				C4097EC822FCF72C005C661C /* SearchView.swift */,
				C4097ECE22FCFC1D005C661C /* SearchTableViewCell.swift */,
				C4097ED222FD8CBF005C661C /* SearchLoadingView.swift */,
				C4097ED822FDDFBE005C661C /* FilterView.swift */,
				C4097EDE22FDE967005C661C /* FilterViewCell.swift */,
			);
			path = Search;
			sourceTree = "<group>";
		};
		C4097EDB22FDDFEC005C661C /* Custom */ = {
			isa = PBXGroup;
			children = (
				C4097ED622FDDE2E005C661C /* CustomPopUpView.swift */,
				C4097ED022FD8AC0005C661C /* EmptyViewPage.swift */,
			);
			path = Custom;
			sourceTree = "<group>";
		};
/* End PBXGroup section */

/* Begin PBXNativeTarget section */
		C4097E8A22FC614F005C661C /* iTunesSearchApp */ = {
			isa = PBXNativeTarget;
			buildConfigurationList = C4097E9D22FC6150005C661C /* Build configuration list for PBXNativeTarget "iTunesSearchApp" */;
			buildPhases = (
				CFF109C09BE2F4BA354EDAE6 /* [CP] Check Pods Manifest.lock */,
				C4097E8722FC614F005C661C /* Sources */,
				C4097E8822FC614F005C661C /* Frameworks */,
				C4097E8922FC614F005C661C /* Resources */,
				D78DC527BE140DD3FC002661 /* [CP] Embed Pods Frameworks */,
			);
			buildRules = (
			);
			dependencies = (
			);
			name = iTunesSearchApp;
			productName = iTunesSearchApp;
			productReference = C4097E8B22FC614F005C661C /* iTunesSearchApp.app */;
			productType = "com.apple.product-type.application";
		};
/* End PBXNativeTarget section */

/* Begin PBXProject section */
		C4097E8322FC614F005C661C /* Project object */ = {
			isa = PBXProject;
			attributes = {
				LastSwiftUpdateCheck = 1020;
				LastUpgradeCheck = 1020;
				ORGANIZATIONNAME = "Yusuf Cinar";
				TargetAttributes = {
					C4097E8A22FC614F005C661C = {
						CreatedOnToolsVersion = 10.2.1;
					};
				};
			};
			buildConfigurationList = C4097E8622FC614F005C661C /* Build configuration list for PBXProject "iTunesSearchApp" */;
			compatibilityVersion = "Xcode 9.3";
			developmentRegion = en;
			hasScannedForEncodings = 0;
			knownRegions = (
				en,
				Base,
			);
			mainGroup = C4097E8222FC614F005C661C;
			productRefGroup = C4097E8C22FC614F005C661C /* Products */;
			projectDirPath = "";
			projectRoot = "";
			targets = (
				C4097E8A22FC614F005C661C /* iTunesSearchApp */,
			);
		};
/* End PBXProject section */

/* Begin PBXResourcesBuildPhase section */
		C4097E8922FC614F005C661C /* Resources */ = {
			isa = PBXResourcesBuildPhase;
			buildActionMask = 2147483647;
			files = (
				C4097E9922FC6150005C661C /* LaunchScreen.storyboard in Resources */,
				C4097E9622FC6150005C661C /* Assets.xcassets in Resources */,
				C4097E9422FC614F005C661C /* Main.storyboard in Resources */,
			);
			runOnlyForDeploymentPostprocessing = 0;
		};
/* End PBXResourcesBuildPhase section */

/* Begin PBXShellScriptBuildPhase section */
		CFF109C09BE2F4BA354EDAE6 /* [CP] Check Pods Manifest.lock */ = {
			isa = PBXShellScriptBuildPhase;
			buildActionMask = 2147483647;
			files = (
			);
			inputFileListPaths = (
			);
			inputPaths = (
				"${PODS_PODFILE_DIR_PATH}/Podfile.lock",
				"${PODS_ROOT}/Manifest.lock",
			);
			name = "[CP] Check Pods Manifest.lock";
			outputFileListPaths = (
			);
			outputPaths = (
				"$(DERIVED_FILE_DIR)/Pods-iTunesSearchApp-checkManifestLockResult.txt",
			);
			runOnlyForDeploymentPostprocessing = 0;
			shellPath = /bin/sh;
			shellScript = "diff \"${PODS_PODFILE_DIR_PATH}/Podfile.lock\" \"${PODS_ROOT}/Manifest.lock\" > /dev/null\nif [ $? != 0 ] ; then\n    # print error to STDERR\n    echo \"error: The sandbox is not in sync with the Podfile.lock. Run 'pod install' or update your CocoaPods installation.\" >&2\n    exit 1\nfi\n# This output is used by Xcode 'outputs' to avoid re-running this script phase.\necho \"SUCCESS\" > \"${SCRIPT_OUTPUT_FILE_0}\"\n";
			showEnvVarsInLog = 0;
		};
		D78DC527BE140DD3FC002661 /* [CP] Embed Pods Frameworks */ = {
			isa = PBXShellScriptBuildPhase;
			buildActionMask = 2147483647;
			files = (
			);
			inputFileListPaths = (
				"${PODS_ROOT}/Target Support Files/Pods-iTunesSearchApp/Pods-iTunesSearchApp-frameworks-${CONFIGURATION}-input-files.xcfilelist",
			);
			name = "[CP] Embed Pods Frameworks";
			outputFileListPaths = (
				"${PODS_ROOT}/Target Support Files/Pods-iTunesSearchApp/Pods-iTunesSearchApp-frameworks-${CONFIGURATION}-output-files.xcfilelist",
			);
			runOnlyForDeploymentPostprocessing = 0;
			shellPath = /bin/sh;
			shellScript = "\"${PODS_ROOT}/Target Support Files/Pods-iTunesSearchApp/Pods-iTunesSearchApp-frameworks.sh\"\n";
			showEnvVarsInLog = 0;
		};
/* End PBXShellScriptBuildPhase section */

/* Begin PBXSourcesBuildPhase section */
		C4097E8722FC614F005C661C /* Sources */ = {
			isa = PBXSourcesBuildPhase;
			buildActionMask = 2147483647;
			files = (
				C4097EDF22FDE967005C661C /* FilterViewCell.swift in Sources */,
				C4097ED922FDDFBE005C661C /* FilterView.swift in Sources */,
				C4097EB022FC639A005C661C /* URLString.swift in Sources */,
				C4097EC322FC827A005C661C /* UIColor-Extension.swift in Sources */,
				C4097EC522FC834E005C661C /* SearchViewModel.swift in Sources */,
				C4097ED722FDDE2E005C661C /* CustomPopUpView.swift in Sources */,
				C4097EAE22FC6388005C661C /* ApiConfig.swift in Sources */,
				C4097EB222FC665A005C661C /* GlobalConstant.swift in Sources */,
				C4097ED322FD8CBF005C661C /* SearchLoadingView.swift in Sources */,
				C4097EBF22FC81D8005C661C /* SetupFunctions.swift in Sources */,
				C4097ECF22FCFC1D005C661C /* SearchTableViewCell.swift in Sources */,
				C4097EB622FC683F005C661C /* BaseApiRouter.swift in Sources */,
				C4097EC722FCF4CB005C661C /* BaseViewController.swift in Sources */,
				C4097ECD22FCFB52005C661C /* BaseTableViewCell.swift in Sources */,
				C4097E9122FC614F005C661C /* SearchViewController.swift in Sources */,
				C4097EBD22FC81AD005C661C /* BaseViewModel.swift in Sources */,
				C4097EC922FCF72C005C661C /* SearchView.swift in Sources */,
				C4097E8F22FC614F005C661C /* AppDelegate.swift in Sources */,
				C4097EB822FC692E005C661C /* SearchRouter.swift in Sources */,
				C4097EA922FC6331005C661C /* HeaderUtils.swift in Sources */,
				C4097EDD22FDE316005C661C /* BaseCollectionCell.swift in Sources */,
				C4097EC122FC8248005C661C /* UIView-Extension.swift in Sources */,
				C4097EBA22FC7910005C661C /* ResponseModel.swift in Sources */,
				C4097ECB22FCF74E005C661C /* BaseView.swift in Sources */,
				C4097ED122FD8AC0005C661C /* EmptyViewPage.swift in Sources */,
				C4097EB422FC67A9005C661C /* SearchModel.swift in Sources */,
				C4097EA722FC6319005C661C /* APIClient.swift in Sources */,
			);
			runOnlyForDeploymentPostprocessing = 0;
		};
/* End PBXSourcesBuildPhase section */

/* Begin PBXVariantGroup section */
		C4097E9222FC614F005C661C /* Main.storyboard */ = {
			isa = PBXVariantGroup;
			children = (
				C4097E9322FC614F005C661C /* Base */,
			);
			name = Main.storyboard;
			sourceTree = "<group>";
		};
		C4097E9722FC6150005C661C /* LaunchScreen.storyboard */ = {
			isa = PBXVariantGroup;
			children = (
				C4097E9822FC6150005C661C /* Base */,
			);
			name = LaunchScreen.storyboard;
			sourceTree = "<group>";
		};
/* End PBXVariantGroup section */

/* Begin XCBuildConfiguration section */
		C4097E9B22FC6150005C661C /* Debug */ = {
			isa = XCBuildConfiguration;
			buildSettings = {
				ALWAYS_SEARCH_USER_PATHS = NO;
				CLANG_ANALYZER_NONNULL = YES;
				CLANG_ANALYZER_NUMBER_OBJECT_CONVERSION = YES_AGGRESSIVE;
				CLANG_CXX_LANGUAGE_STANDARD = "gnu++14";
				CLANG_CXX_LIBRARY = "libc++";
				CLANG_ENABLE_MODULES = YES;
				CLANG_ENABLE_OBJC_ARC = YES;
				CLANG_ENABLE_OBJC_WEAK = YES;
				CLANG_WARN_BLOCK_CAPTURE_AUTORELEASING = YES;
				CLANG_WARN_BOOL_CONVERSION = YES;
				CLANG_WARN_COMMA = YES;
				CLANG_WARN_CONSTANT_CONVERSION = YES;
				CLANG_WARN_DEPRECATED_OBJC_IMPLEMENTATIONS = YES;
				CLANG_WARN_DIRECT_OBJC_ISA_USAGE = YES_ERROR;
				CLANG_WARN_DOCUMENTATION_COMMENTS = YES;
				CLANG_WARN_EMPTY_BODY = YES;
				CLANG_WARN_ENUM_CONVERSION = YES;
				CLANG_WARN_INFINITE_RECURSION = YES;
				CLANG_WARN_INT_CONVERSION = YES;
				CLANG_WARN_NON_LITERAL_NULL_CONVERSION = YES;
				CLANG_WARN_OBJC_IMPLICIT_RETAIN_SELF = YES;
				CLANG_WARN_OBJC_LITERAL_CONVERSION = YES;
				CLANG_WARN_OBJC_ROOT_CLASS = YES_ERROR;
				CLANG_WARN_RANGE_LOOP_ANALYSIS = YES;
				CLANG_WARN_STRICT_PROTOTYPES = YES;
				CLANG_WARN_SUSPICIOUS_MOVE = YES;
				CLANG_WARN_UNGUARDED_AVAILABILITY = YES_AGGRESSIVE;
				CLANG_WARN_UNREACHABLE_CODE = YES;
				CLANG_WARN__DUPLICATE_METHOD_MATCH = YES;
				CODE_SIGN_IDENTITY = "iPhone Developer";
				COPY_PHASE_STRIP = NO;
				DEBUG_INFORMATION_FORMAT = dwarf;
				ENABLE_STRICT_OBJC_MSGSEND = YES;
				ENABLE_TESTABILITY = YES;
				GCC_C_LANGUAGE_STANDARD = gnu11;
				GCC_DYNAMIC_NO_PIC = NO;
				GCC_NO_COMMON_BLOCKS = YES;
				GCC_OPTIMIZATION_LEVEL = 0;
				GCC_PREPROCESSOR_DEFINITIONS = (
					"DEBUG=1",
					"$(inherited)",
				);
				GCC_WARN_64_TO_32_BIT_CONVERSION = YES;
				GCC_WARN_ABOUT_RETURN_TYPE = YES_ERROR;
				GCC_WARN_UNDECLARED_SELECTOR = YES;
				GCC_WARN_UNINITIALIZED_AUTOS = YES_AGGRESSIVE;
				GCC_WARN_UNUSED_FUNCTION = YES;
				GCC_WARN_UNUSED_VARIABLE = YES;
				IPHONEOS_DEPLOYMENT_TARGET = 12.2;
				MTL_ENABLE_DEBUG_INFO = INCLUDE_SOURCE;
				MTL_FAST_MATH = YES;
				ONLY_ACTIVE_ARCH = YES;
				SDKROOT = iphoneos;
				SWIFT_ACTIVE_COMPILATION_CONDITIONS = DEBUG;
				SWIFT_OPTIMIZATION_LEVEL = "-Onone";
			};
			name = Debug;
		};
		C4097E9C22FC6150005C661C /* Release */ = {
			isa = XCBuildConfiguration;
			buildSettings = {
				ALWAYS_SEARCH_USER_PATHS = NO;
				CLANG_ANALYZER_NONNULL = YES;
				CLANG_ANALYZER_NUMBER_OBJECT_CONVERSION = YES_AGGRESSIVE;
				CLANG_CXX_LANGUAGE_STANDARD = "gnu++14";
				CLANG_CXX_LIBRARY = "libc++";
				CLANG_ENABLE_MODULES = YES;
				CLANG_ENABLE_OBJC_ARC = YES;
				CLANG_ENABLE_OBJC_WEAK = YES;
				CLANG_WARN_BLOCK_CAPTURE_AUTORELEASING = YES;
				CLANG_WARN_BOOL_CONVERSION = YES;
				CLANG_WARN_COMMA = YES;
				CLANG_WARN_CONSTANT_CONVERSION = YES;
				CLANG_WARN_DEPRECATED_OBJC_IMPLEMENTATIONS = YES;
				CLANG_WARN_DIRECT_OBJC_ISA_USAGE = YES_ERROR;
				CLANG_WARN_DOCUMENTATION_COMMENTS = YES;
				CLANG_WARN_EMPTY_BODY = YES;
				CLANG_WARN_ENUM_CONVERSION = YES;
				CLANG_WARN_INFINITE_RECURSION = YES;
				CLANG_WARN_INT_CONVERSION = YES;
				CLANG_WARN_NON_LITERAL_NULL_CONVERSION = YES;
				CLANG_WARN_OBJC_IMPLICIT_RETAIN_SELF = YES;
				CLANG_WARN_OBJC_LITERAL_CONVERSION = YES;
				CLANG_WARN_OBJC_ROOT_CLASS = YES_ERROR;
				CLANG_WARN_RANGE_LOOP_ANALYSIS = YES;
				CLANG_WARN_STRICT_PROTOTYPES = YES;
				CLANG_WARN_SUSPICIOUS_MOVE = YES;
				CLANG_WARN_UNGUARDED_AVAILABILITY = YES_AGGRESSIVE;
				CLANG_WARN_UNREACHABLE_CODE = YES;
				CLANG_WARN__DUPLICATE_METHOD_MATCH = YES;
				CODE_SIGN_IDENTITY = "iPhone Developer";
				COPY_PHASE_STRIP = NO;
				DEBUG_INFORMATION_FORMAT = "dwarf-with-dsym";
				ENABLE_NS_ASSERTIONS = NO;
				ENABLE_STRICT_OBJC_MSGSEND = YES;
				GCC_C_LANGUAGE_STANDARD = gnu11;
				GCC_NO_COMMON_BLOCKS = YES;
				GCC_WARN_64_TO_32_BIT_CONVERSION = YES;
				GCC_WARN_ABOUT_RETURN_TYPE = YES_ERROR;
				GCC_WARN_UNDECLARED_SELECTOR = YES;
				GCC_WARN_UNINITIALIZED_AUTOS = YES_AGGRESSIVE;
				GCC_WARN_UNUSED_FUNCTION = YES;
				GCC_WARN_UNUSED_VARIABLE = YES;
				IPHONEOS_DEPLOYMENT_TARGET = 12.2;
				MTL_ENABLE_DEBUG_INFO = NO;
				MTL_FAST_MATH = YES;
				SDKROOT = iphoneos;
				SWIFT_COMPILATION_MODE = wholemodule;
				SWIFT_OPTIMIZATION_LEVEL = "-O";
				VALIDATE_PRODUCT = YES;
			};
			name = Release;
		};
		C4097E9E22FC6150005C661C /* Debug */ = {
			isa = XCBuildConfiguration;
			baseConfigurationReference = 80F3F21485509E7D7167FCA4 /* Pods-iTunesSearchApp.debug.xcconfig */;
			buildSettings = {
				ASSETCATALOG_COMPILER_APPICON_NAME = AppIcon;
				CODE_SIGN_STYLE = Automatic;
				DEVELOPMENT_TEAM = 2Q3W9EUX95;
				INFOPLIST_FILE = iTunesSearchApp/Info.plist;
				LD_RUNPATH_SEARCH_PATHS = (
					"$(inherited)",
					"@executable_path/Frameworks",
				);
				PRODUCT_BUNDLE_IDENTIFIER = com.cinaryusuf.iTunesSearchApp;
				PRODUCT_NAME = "$(TARGET_NAME)";
				SWIFT_VERSION = 5.0;
				TARGETED_DEVICE_FAMILY = "1,2";
			};
			name = Debug;
		};
		C4097E9F22FC6150005C661C /* Release */ = {
			isa = XCBuildConfiguration;
			baseConfigurationReference = 92675AFCDFDEE36CE38B1A27 /* Pods-iTunesSearchApp.release.xcconfig */;
			buildSettings = {
				ASSETCATALOG_COMPILER_APPICON_NAME = AppIcon;
				CODE_SIGN_STYLE = Automatic;
				DEVELOPMENT_TEAM = 2Q3W9EUX95;
				INFOPLIST_FILE = iTunesSearchApp/Info.plist;
				LD_RUNPATH_SEARCH_PATHS = (
					"$(inherited)",
					"@executable_path/Frameworks",
				);
				PRODUCT_BUNDLE_IDENTIFIER = com.cinaryusuf.iTunesSearchApp;
				PRODUCT_NAME = "$(TARGET_NAME)";
				SWIFT_VERSION = 5.0;
				TARGETED_DEVICE_FAMILY = "1,2";
			};
			name = Release;
		};
/* End XCBuildConfiguration section */

/* Begin XCConfigurationList section */
		C4097E8622FC614F005C661C /* Build configuration list for PBXProject "iTunesSearchApp" */ = {
			isa = XCConfigurationList;
			buildConfigurations = (
				C4097E9B22FC6150005C661C /* Debug */,
				C4097E9C22FC6150005C661C /* Release */,
			);
			defaultConfigurationIsVisible = 0;
			defaultConfigurationName = Release;
		};
		C4097E9D22FC6150005C661C /* Build configuration list for PBXNativeTarget "iTunesSearchApp" */ = {
			isa = XCConfigurationList;
			buildConfigurations = (
				C4097E9E22FC6150005C661C /* Debug */,
				C4097E9F22FC6150005C661C /* Release */,
			);
			defaultConfigurationIsVisible = 0;
			defaultConfigurationName = Release;
		};
/* End XCConfigurationList section */
	};
	rootObject = C4097E8322FC614F005C661C /* Project object */;
}
